
Microsoft Visual Studio Solution File, Format Version 12.00
# Visual Studio Version 17
VisualStudioVersion = 17.13.35806.99
MinimumVisualStudioVersion = 10.0.40219.1
Project("{FAE04EC0-301F-11D3-BF4B-00C04F79EFBC}") = "SimpleDiceRoller", "SimpleDiceRoller\SimpleDiceRoller.csproj", "{93B4681D-D063-418C-9A03-19E45F4CC963}"
EndProject
Global
	GlobalSection(SolutionConfigurationPlatforms) = preSolution
		Debug|Any CPU = Debug|Any CPU
		Release|Any CPU = Release|Any CPU
	EndGlobalSection
	GlobalSection(ProjectConfigurationPlatforms) = postSolution
		{93B4681D-D063-418C-9A03-19E45F4CC963}.Debug|Any CPU.ActiveCfg = Debug|Any CPU
		{93B4681D-D063-418C-9A03-19E45F4CC963}.Debug|Any CPU.Build.0 = Debug|Any CPU
		{93B4681D-D063-418C-9A03-19E45F4CC963}.Debug|Any CPU.Deploy.0 = Debug|Any CPU
		{93B4681D-D063-418C-9A03-19E45F4CC963}.Release|Any CPU.ActiveCfg = Release|Any CPU
		{93B4681D-D063-418C-9A03-19E45F4CC963}.Release|Any CPU.Build.0 = Release|Any CPU
	EndGlobalSection
	GlobalSection(SolutionProperties) = preSolution
		HideSolutionNode = FALSE
	EndGlobalSection
	GlobalSection(ExtensibilityGlobals) = postSolution
		SolutionGuid = {9D05FFD4-3A1B-4E5A-88D9-98C35F7A8E6E}
	EndGlobalSection
EndGlobal
